
Microsoft Visual Studio Solution File, Format Version 12.00
# Visual Studio Version 17
VisualStudioVersion = 17.0.31612.314
MinimumVisualStudioVersion = 10.0.40219.1
Project("{9A19103F-16F7-4668-BE54-9A1E7A4F7556}") = "CampeonatoFilmesApi", "CampeonatoFilmesApi\CampeonatoFilmesApi.csproj", "{4255A4DA-9B5B-48E4-9051-1904F5B78AB1}"
EndProject
Project("{9A19103F-16F7-4668-BE54-9A1E7A4F7556}") = "CampeonatoFilmesApiTests", "CampeonatoFilmesApiTests\CampeonatoFilmesApiTests.csproj", "{C64F67C1-76AC-48B0-9B99-48DD37760171}"
EndProject
Project("{2150E333-8FDC-42A3-9474-1A3956D46DE8}") = "Solution Items", "Solution Items", "{A64BBC2C-7786-4943-A387-4691C34BEA15}"
	ProjectSection(SolutionItems) = preProject
		.editorconfig = .editorconfig
	EndProjectSection
EndProject
Global
	GlobalSection(SolutionConfigurationPlatforms) = preSolution
		Debug|Any CPU = Debug|Any CPU
		Release|Any CPU = Release|Any CPU
	EndGlobalSection
	GlobalSection(ProjectConfigurationPlatforms) = postSolution
		{4255A4DA-9B5B-48E4-9051-1904F5B78AB1}.Debug|Any CPU.ActiveCfg = Debug|Any CPU
		{4255A4DA-9B5B-48E4-9051-1904F5B78AB1}.Debug|Any CPU.Build.0 = Debug|Any CPU
		{4255A4DA-9B5B-48E4-9051-1904F5B78AB1}.Release|Any CPU.ActiveCfg = Release|Any CPU
		{4255A4DA-9B5B-48E4-9051-1904F5B78AB1}.Release|Any CPU.Build.0 = Release|Any CPU
		{C64F67C1-76AC-48B0-9B99-48DD37760171}.Debug|Any CPU.ActiveCfg = Debug|Any CPU
		{C64F67C1-76AC-48B0-9B99-48DD37760171}.Debug|Any CPU.Build.0 = Debug|Any CPU
		{C64F67C1-76AC-48B0-9B99-48DD37760171}.Release|Any CPU.ActiveCfg = Release|Any CPU
		{C64F67C1-76AC-48B0-9B99-48DD37760171}.Release|Any CPU.Build.0 = Release|Any CPU
	EndGlobalSection
	GlobalSection(SolutionProperties) = preSolution
		HideSolutionNode = FALSE
	EndGlobalSection
	GlobalSection(ExtensibilityGlobals) = postSolution
		SolutionGuid = {2C0BBDF4-278C-4A09-B6D4-53B67590902E}
	EndGlobalSection
EndGlobal
